
Microsoft Visual Studio Solution File, Format Version 12.00
# Visual Studio Version 17
VisualStudioVersion = 17.9.34728.123
MinimumVisualStudioVersion = 10.0.40219.1
Project("{2150E333-8FDC-42A3-9474-1A3956D46DE8}") = "Src", "Src", "{20B2521F-D8AB-4404-ABC2-1D03D9868922}"
EndProject
Project("{2150E333-8FDC-42A3-9474-1A3956D46DE8}") = "Test", "Test", "{68018F7C-9C20-4214-B2A6-C6421AE2185E}"
EndProject
Project("{FAE04EC0-301F-11D3-BF4B-00C04F79EFBC}") = "Web", "Src\Web\Web.csproj", "{5675B3B9-91B5-472E-B9EF-22F8C51C0B68}"
EndProject
Project("{FAE04EC0-301F-11D3-BF4B-00C04F79EFBC}") = "Domain", "Src\Domain\Domain.csproj", "{8BD1995C-4D8A-4958-B128-AFC1F5C05D0A}"
EndProject
Project("{FAE04EC0-301F-11D3-BF4B-00C04F79EFBC}") = "Application", "Src\Application\Application.csproj", "{07D5F634-A388-4E5B-8255-3E8F686E9852}"
EndProject
Project("{FAE04EC0-301F-11D3-BF4B-00C04F79EFBC}") = "Infrastructure", "Src\Infrastructure\Infrastructure.csproj", "{8E74D8EE-A5C2-4FAA-8133-9A86E37EABAD}"
EndProject
Global
	GlobalSection(SolutionConfigurationPlatforms) = preSolution
		Debug|Any CPU = Debug|Any CPU
		Release|Any CPU = Release|Any CPU
	EndGlobalSection
	GlobalSection(ProjectConfigurationPlatforms) = postSolution
		{5675B3B9-91B5-472E-B9EF-22F8C51C0B68}.Debug|Any CPU.ActiveCfg = Debug|Any CPU
		{5675B3B9-91B5-472E-B9EF-22F8C51C0B68}.Debug|Any CPU.Build.0 = Debug|Any CPU
		{5675B3B9-91B5-472E-B9EF-22F8C51C0B68}.Release|Any CPU.ActiveCfg = Release|Any CPU
		{5675B3B9-91B5-472E-B9EF-22F8C51C0B68}.Release|Any CPU.Build.0 = Release|Any CPU
		{8BD1995C-4D8A-4958-B128-AFC1F5C05D0A}.Debug|Any CPU.ActiveCfg = Debug|Any CPU
		{8BD1995C-4D8A-4958-B128-AFC1F5C05D0A}.Debug|Any CPU.Build.0 = Debug|Any CPU
		{8BD1995C-4D8A-4958-B128-AFC1F5C05D0A}.Release|Any CPU.ActiveCfg = Release|Any CPU
		{8BD1995C-4D8A-4958-B128-AFC1F5C05D0A}.Release|Any CPU.Build.0 = Release|Any CPU
		{07D5F634-A388-4E5B-8255-3E8F686E9852}.Debug|Any CPU.ActiveCfg = Debug|Any CPU
		{07D5F634-A388-4E5B-8255-3E8F686E9852}.Debug|Any CPU.Build.0 = Debug|Any CPU
		{07D5F634-A388-4E5B-8255-3E8F686E9852}.Release|Any CPU.ActiveCfg = Release|Any CPU
		{07D5F634-A388-4E5B-8255-3E8F686E9852}.Release|Any CPU.Build.0 = Release|Any CPU
		{8E74D8EE-A5C2-4FAA-8133-9A86E37EABAD}.Debug|Any CPU.ActiveCfg = Debug|Any CPU
		{8E74D8EE-A5C2-4FAA-8133-9A86E37EABAD}.Debug|Any CPU.Build.0 = Debug|Any CPU
		{8E74D8EE-A5C2-4FAA-8133-9A86E37EABAD}.Release|Any CPU.ActiveCfg = Release|Any CPU
		{8E74D8EE-A5C2-4FAA-8133-9A86E37EABAD}.Release|Any CPU.Build.0 = Release|Any CPU
	EndGlobalSection
	GlobalSection(SolutionProperties) = preSolution
		HideSolutionNode = FALSE
	EndGlobalSection
	GlobalSection(NestedProjects) = preSolution
		{5675B3B9-91B5-472E-B9EF-22F8C51C0B68} = {20B2521F-D8AB-4404-ABC2-1D03D9868922}
		{8BD1995C-4D8A-4958-B128-AFC1F5C05D0A} = {20B2521F-D8AB-4404-ABC2-1D03D9868922}
		{07D5F634-A388-4E5B-8255-3E8F686E9852} = {20B2521F-D8AB-4404-ABC2-1D03D9868922}
		{8E74D8EE-A5C2-4FAA-8133-9A86E37EABAD} = {20B2521F-D8AB-4404-ABC2-1D03D9868922}
	EndGlobalSection
	GlobalSection(ExtensibilityGlobals) = postSolution
		SolutionGuid = {557443D3-FD88-49E0-B23D-E50009003F34}
	EndGlobalSection
EndGlobal
